
Microsoft Visual Studio Solution File, Format Version 12.00
# Visual Studio 15
VisualStudioVersion = 15.0.27130.2027
MinimumVisualStudioVersion = 10.0.40219.1
Project("{151D2E53-A2C4-4D7D-83FE-D05416EBD58E}") = "CreateFunctionApp", "CreateFunctionApp\CreateFunctionApp.deployproj", "{70F704E7-897C-433C-AF58-08D52FCF2C34}"
EndProject
Global
	GlobalSection(SolutionConfigurationPlatforms) = preSolution
		Debug|Any CPU = Debug|Any CPU
		Release|Any CPU = Release|Any CPU
	EndGlobalSection
	GlobalSection(ProjectConfigurationPlatforms) = postSolution
		{70F704E7-897C-433C-AF58-08D52FCF2C34}.Debug|Any CPU.ActiveCfg = Debug|Any CPU
		{70F704E7-897C-433C-AF58-08D52FCF2C34}.Debug|Any CPU.Build.0 = Debug|Any CPU
		{70F704E7-897C-433C-AF58-08D52FCF2C34}.Release|Any CPU.ActiveCfg = Release|Any CPU
		{70F704E7-897C-433C-AF58-08D52FCF2C34}.Release|Any CPU.Build.0 = Release|Any CPU
	EndGlobalSection
	GlobalSection(SolutionProperties) = preSolution
		HideSolutionNode = FALSE
	EndGlobalSection
	GlobalSection(ExtensibilityGlobals) = postSolution
		SolutionGuid = {A2EEEB41-596C-4859-A94E-61C12C359009}
	EndGlobalSection
EndGlobal
